
Microsoft Visual Studio Solution File, Format Version 12.00
# Visual Studio 15
VisualStudioVersion = 15.0.28307.902
MinimumVisualStudioVersion = 10.0.40219.1
Project("{FAE04EC0-301F-11D3-BF4B-00C04F79EFBC}") = "FooBar", "FooBar\FooBar.csproj", "{B3DA9D3F-6EB2-4717-B8F2-D67E46DAA161}"
EndProject
Project("{FAE04EC0-301F-11D3-BF4B-00C04F79EFBC}") = "TestingFooBar", "TestingFooBar\TestingFooBar.csproj", "{EDDB15D5-784E-413A-8443-9ECEAC325E40}"
EndProject
Global
	GlobalSection(SolutionConfigurationPlatforms) = preSolution
		Debug|Any CPU = Debug|Any CPU
		Release|Any CPU = Release|Any CPU
	EndGlobalSection
	GlobalSection(ProjectConfigurationPlatforms) = postSolution
		{B3DA9D3F-6EB2-4717-B8F2-D67E46DAA161}.Debug|Any CPU.ActiveCfg = Debug|Any CPU
		{B3DA9D3F-6EB2-4717-B8F2-D67E46DAA161}.Debug|Any CPU.Build.0 = Debug|Any CPU
		{B3DA9D3F-6EB2-4717-B8F2-D67E46DAA161}.Release|Any CPU.ActiveCfg = Release|Any CPU
		{B3DA9D3F-6EB2-4717-B8F2-D67E46DAA161}.Release|Any CPU.Build.0 = Release|Any CPU
		{EDDB15D5-784E-413A-8443-9ECEAC325E40}.Debug|Any CPU.ActiveCfg = Debug|Any CPU
		{EDDB15D5-784E-413A-8443-9ECEAC325E40}.Debug|Any CPU.Build.0 = Debug|Any CPU
		{EDDB15D5-784E-413A-8443-9ECEAC325E40}.Release|Any CPU.ActiveCfg = Release|Any CPU
		{EDDB15D5-784E-413A-8443-9ECEAC325E40}.Release|Any CPU.Build.0 = Release|Any CPU
	EndGlobalSection
	GlobalSection(SolutionProperties) = preSolution
		HideSolutionNode = FALSE
	EndGlobalSection
	GlobalSection(ExtensibilityGlobals) = postSolution
		SolutionGuid = {AD600E06-53FB-4852-9872-432C8DB72A7B}
	EndGlobalSection
EndGlobal
